
Microsoft Visual Studio Solution File, Format Version 12.00
# Visual Studio Version 17
VisualStudioVersion = 17.10.35013.160
MinimumVisualStudioVersion = 10.0.40219.1
Project("{9A19103F-16F7-4668-BE54-9A1E7A4F7556}") = "MedBuddy", "MedBuddy\MedBuddy.csproj", "{5E2D5B39-9182-40CC-94CA-370542BD6388}"
EndProject
Global
	GlobalSection(SolutionConfigurationPlatforms) = preSolution
		Debug|Any CPU = Debug|Any CPU
		Release|Any CPU = Release|Any CPU
	EndGlobalSection
	GlobalSection(ProjectConfigurationPlatforms) = postSolution
		{5E2D5B39-9182-40CC-94CA-370542BD6388}.Debug|Any CPU.ActiveCfg = Debug|Any CPU
		{5E2D5B39-9182-40CC-94CA-370542BD6388}.Debug|Any CPU.Build.0 = Debug|Any CPU
		{5E2D5B39-9182-40CC-94CA-370542BD6388}.Release|Any CPU.ActiveCfg = Release|Any CPU
		{5E2D5B39-9182-40CC-94CA-370542BD6388}.Release|Any CPU.Build.0 = Release|Any CPU
	EndGlobalSection
	GlobalSection(SolutionProperties) = preSolution
		HideSolutionNode = FALSE
	EndGlobalSection
	GlobalSection(ExtensibilityGlobals) = postSolution
		SolutionGuid = {330C9557-76D3-4181-B4C2-A0051E21C64A}
	EndGlobalSection
EndGlobal
